
Microsoft Visual Studio Solution File, Format Version 12.00
# Visual Studio 15
VisualStudioVersion = 15.0.28307.757
MinimumVisualStudioVersion = 10.0.40219.1
Project("{FAE04EC0-301F-11D3-BF4B-00C04F79EFBC}") = "conburo", "conburo\conburo.csproj", "{64CD169E-30F9-4E02-A61F-C1AF7E2B1431}"
EndProject
Global
	GlobalSection(SolutionConfigurationPlatforms) = preSolution
		Debug|Any CPU = Debug|Any CPU
		Release|Any CPU = Release|Any CPU
	EndGlobalSection
	GlobalSection(ProjectConfigurationPlatforms) = postSolution
		{64CD169E-30F9-4E02-A61F-C1AF7E2B1431}.Debug|Any CPU.ActiveCfg = Debug|Any CPU
		{64CD169E-30F9-4E02-A61F-C1AF7E2B1431}.Debug|Any CPU.Build.0 = Debug|Any CPU
		{64CD169E-30F9-4E02-A61F-C1AF7E2B1431}.Release|Any CPU.ActiveCfg = Release|Any CPU
		{64CD169E-30F9-4E02-A61F-C1AF7E2B1431}.Release|Any CPU.Build.0 = Release|Any CPU
	EndGlobalSection
	GlobalSection(SolutionProperties) = preSolution
		HideSolutionNode = FALSE
	EndGlobalSection
	GlobalSection(ExtensibilityGlobals) = postSolution
		SolutionGuid = {F4C890F3-F6B8-4BE5-B0E6-1F91BDDA848C}
	EndGlobalSection
EndGlobal
